
Microsoft Visual Studio Solution File, Format Version 12.00
# Visual Studio Version 17
VisualStudioVersion = 17.2.32516.85
MinimumVisualStudioVersion = 10.0.40219.1
Project("{FAE04EC0-301F-11D3-BF4B-00C04F79EFBC}") = "patten1", "patten1.csproj", "{73B9114F-E547-4615-9CB5-856BC9F4D1F2}"
EndProject
Project("{FAE04EC0-301F-11D3-BF4B-00C04F79EFBC}") = "Patten2", "..\Patten2\Patten2.csproj", "{392A205F-FB10-48BE-8110-D3A05D358A92}"
EndProject
Project("{FAE04EC0-301F-11D3-BF4B-00C04F79EFBC}") = "Patten3", "..\Patten3\Patten3.csproj", "{AE0B9BDD-A72E-48C0-887E-601B8521E982}"
EndProject
Project("{FAE04EC0-301F-11D3-BF4B-00C04F79EFBC}") = "Patten4", "..\Patten4\Patten4.csproj", "{43A9B967-6729-408D-B5CD-4A8565C3050B}"
EndProject
Project("{FAE04EC0-301F-11D3-BF4B-00C04F79EFBC}") = "Patten5", "..\Patten5\Patten5.csproj", "{D51B0EE4-8C5F-4404-B738-755462FC9856}"
EndProject
Project("{FAE04EC0-301F-11D3-BF4B-00C04F79EFBC}") = "Patten6", "..\Patten6\Patten6.csproj", "{5254CCA4-0963-4F62-9824-DF72F2EF5B77}"
EndProject
Global
	GlobalSection(SolutionConfigurationPlatforms) = preSolution
		Debug|Any CPU = Debug|Any CPU
		Release|Any CPU = Release|Any CPU
	EndGlobalSection
	GlobalSection(ProjectConfigurationPlatforms) = postSolution
		{73B9114F-E547-4615-9CB5-856BC9F4D1F2}.Debug|Any CPU.ActiveCfg = Debug|Any CPU
		{73B9114F-E547-4615-9CB5-856BC9F4D1F2}.Debug|Any CPU.Build.0 = Debug|Any CPU
		{73B9114F-E547-4615-9CB5-856BC9F4D1F2}.Release|Any CPU.ActiveCfg = Release|Any CPU
		{73B9114F-E547-4615-9CB5-856BC9F4D1F2}.Release|Any CPU.Build.0 = Release|Any CPU
		{392A205F-FB10-48BE-8110-D3A05D358A92}.Debug|Any CPU.ActiveCfg = Debug|Any CPU
		{392A205F-FB10-48BE-8110-D3A05D358A92}.Debug|Any CPU.Build.0 = Debug|Any CPU
		{392A205F-FB10-48BE-8110-D3A05D358A92}.Release|Any CPU.ActiveCfg = Release|Any CPU
		{392A205F-FB10-48BE-8110-D3A05D358A92}.Release|Any CPU.Build.0 = Release|Any CPU
		{AE0B9BDD-A72E-48C0-887E-601B8521E982}.Debug|Any CPU.ActiveCfg = Debug|Any CPU
		{AE0B9BDD-A72E-48C0-887E-601B8521E982}.Debug|Any CPU.Build.0 = Debug|Any CPU
		{AE0B9BDD-A72E-48C0-887E-601B8521E982}.Release|Any CPU.ActiveCfg = Release|Any CPU
		{AE0B9BDD-A72E-48C0-887E-601B8521E982}.Release|Any CPU.Build.0 = Release|Any CPU
		{43A9B967-6729-408D-B5CD-4A8565C3050B}.Debug|Any CPU.ActiveCfg = Debug|Any CPU
		{43A9B967-6729-408D-B5CD-4A8565C3050B}.Debug|Any CPU.Build.0 = Debug|Any CPU
		{43A9B967-6729-408D-B5CD-4A8565C3050B}.Release|Any CPU.ActiveCfg = Release|Any CPU
		{43A9B967-6729-408D-B5CD-4A8565C3050B}.Release|Any CPU.Build.0 = Release|Any CPU
		{D51B0EE4-8C5F-4404-B738-755462FC9856}.Debug|Any CPU.ActiveCfg = Debug|Any CPU
		{D51B0EE4-8C5F-4404-B738-755462FC9856}.Debug|Any CPU.Build.0 = Debug|Any CPU
		{D51B0EE4-8C5F-4404-B738-755462FC9856}.Release|Any CPU.ActiveCfg = Release|Any CPU
		{D51B0EE4-8C5F-4404-B738-755462FC9856}.Release|Any CPU.Build.0 = Release|Any CPU
		{5254CCA4-0963-4F62-9824-DF72F2EF5B77}.Debug|Any CPU.ActiveCfg = Debug|Any CPU
		{5254CCA4-0963-4F62-9824-DF72F2EF5B77}.Debug|Any CPU.Build.0 = Debug|Any CPU
		{5254CCA4-0963-4F62-9824-DF72F2EF5B77}.Release|Any CPU.ActiveCfg = Release|Any CPU
		{5254CCA4-0963-4F62-9824-DF72F2EF5B77}.Release|Any CPU.Build.0 = Release|Any CPU
	EndGlobalSection
	GlobalSection(SolutionProperties) = preSolution
		HideSolutionNode = FALSE
	EndGlobalSection
	GlobalSection(ExtensibilityGlobals) = postSolution
		SolutionGuid = {65A51EBB-725A-416F-B5F0-1A1CBCAD6285}
	EndGlobalSection
EndGlobal
